
Microsoft Visual Studio Solution File, Format Version 12.00
# Visual Studio Version 16
VisualStudioVersion = 16.0.30225.117
MinimumVisualStudioVersion = 10.0.40219.1
Project("{9A19103F-16F7-4668-BE54-9A1E7A4F7556}") = "CA.Domain", "src\CA.Domain\CA.Domain.csproj", "{B78A66B6-99A7-4EC8-A222-0481511B2F9B}"
EndProject
Project("{9A19103F-16F7-4668-BE54-9A1E7A4F7556}") = "CA.Application", "src\CA.Application\CA.Application.csproj", "{23FD68FF-D36C-4B2D-8C2D-50B28166D2F5}"
EndProject
Project("{9A19103F-16F7-4668-BE54-9A1E7A4F7556}") = "CA.Infrastructure", "src\CA.Infrastructure\CA.Infrastructure.csproj", "{18E95D66-3716-4FBA-BAF8-9B4F840932EE}"
EndProject
Project("{9A19103F-16F7-4668-BE54-9A1E7A4F7556}") = "CA.Persistance", "src\CA.Persistance\CA.Persistance.csproj", "{5DDAA1D9-EF03-4CAB-80D9-6AC8FA893A94}"
EndProject
Project("{2150E333-8FDC-42A3-9474-1A3956D46DE8}") = "Core", "Core", "{36171621-6B3A-439D-BA79-4B509A44996B}"
EndProject
Project("{2150E333-8FDC-42A3-9474-1A3956D46DE8}") = "Infrastructure", "Infrastructure", "{0C0544C2-D6D0-45F4-ACE4-812DAA467328}"
EndProject
Project("{2150E333-8FDC-42A3-9474-1A3956D46DE8}") = "CrossCuttingConcerns", "CrossCuttingConcerns", "{DD5228A9-B710-489B-898E-45B5633016A8}"
EndProject
Project("{2150E333-8FDC-42A3-9474-1A3956D46DE8}") = "Presentations", "Presentations", "{71AFC72F-1EA3-48AE-852E-37C28C80F501}"
EndProject
Project("{2150E333-8FDC-42A3-9474-1A3956D46DE8}") = "BackEnds", "BackEnds", "{4E2CD22A-C931-4E1A-A925-7CF5EACA93CD}"
EndProject
Project("{9A19103F-16F7-4668-BE54-9A1E7A4F7556}") = "CA.WebAPI", "src\CA.WebAPI\CA.WebAPI.csproj", "{705709D8-9C7C-4A64-89C2-A39768740A03}"
EndProject
Project("{9A19103F-16F7-4668-BE54-9A1E7A4F7556}") = "CA.IdentityServer", "src\CA.IdentityServer\CA.IdentityServer.csproj", "{22614D42-0F02-437B-93BF-C9457FFAE447}"
EndProject
Project("{2150E333-8FDC-42A3-9474-1A3956D46DE8}") = "UIs", "UIs", "{E13BB90F-CAA5-41D6-9120-21F75100F3EC}"
EndProject
Project("{9A19103F-16F7-4668-BE54-9A1E7A4F7556}") = "CA.Web", "src\CA.Web\CA.Web.csproj", "{538BE8F1-899C-4604-BBB3-27AC0AF2A59D}"
EndProject
Project("{9A19103F-16F7-4668-BE54-9A1E7A4F7556}") = "CA.CrossCuttingConcerns", "src\CA.CrossCuttingConcerns\CA.CrossCuttingConcerns.csproj", "{A21E913B-D1F9-4E76-B0FA-BBFA450D8C81}"
EndProject
Project("{2150E333-8FDC-42A3-9474-1A3956D46DE8}") = "Tests", "Tests", "{65F40E01-BACE-4587-89D4-220B8E9C1944}"
EndProject
Project("{9A19103F-16F7-4668-BE54-9A1E7A4F7556}") = "CA.Test.Unit", "src\CA.Test.Unit\CA.Test.Unit.csproj", "{7CCD16B7-4CB4-471F-A9AD-CFE828E5941C}"
EndProject
Project("{9A19103F-16F7-4668-BE54-9A1E7A4F7556}") = "CA.Test.Integration", "src\CA.Test.Integration\CA.Test.Integration.csproj", "{5C8468E5-1F12-4E18-8CBF-CA4837CC57C7}"
EndProject
Project("{FAE04EC0-301F-11D3-BF4B-00C04F79EFBC}") = "CA.Migrator", "src\CA.Migrator\CA.Migrator.csproj", "{F25BAB2C-7C7C-467D-9090-2858A726EF9C}"
EndProject
Global
	GlobalSection(SolutionConfigurationPlatforms) = preSolution
		Debug|Any CPU = Debug|Any CPU
		Release|Any CPU = Release|Any CPU
	EndGlobalSection
	GlobalSection(ProjectConfigurationPlatforms) = postSolution
		{B78A66B6-99A7-4EC8-A222-0481511B2F9B}.Debug|Any CPU.ActiveCfg = Debug|Any CPU
		{B78A66B6-99A7-4EC8-A222-0481511B2F9B}.Debug|Any CPU.Build.0 = Debug|Any CPU
		{B78A66B6-99A7-4EC8-A222-0481511B2F9B}.Release|Any CPU.ActiveCfg = Release|Any CPU
		{B78A66B6-99A7-4EC8-A222-0481511B2F9B}.Release|Any CPU.Build.0 = Release|Any CPU
		{23FD68FF-D36C-4B2D-8C2D-50B28166D2F5}.Debug|Any CPU.ActiveCfg = Debug|Any CPU
		{23FD68FF-D36C-4B2D-8C2D-50B28166D2F5}.Debug|Any CPU.Build.0 = Debug|Any CPU
		{23FD68FF-D36C-4B2D-8C2D-50B28166D2F5}.Release|Any CPU.ActiveCfg = Release|Any CPU
		{23FD68FF-D36C-4B2D-8C2D-50B28166D2F5}.Release|Any CPU.Build.0 = Release|Any CPU
		{18E95D66-3716-4FBA-BAF8-9B4F840932EE}.Debug|Any CPU.ActiveCfg = Debug|Any CPU
		{18E95D66-3716-4FBA-BAF8-9B4F840932EE}.Debug|Any CPU.Build.0 = Debug|Any CPU
		{18E95D66-3716-4FBA-BAF8-9B4F840932EE}.Release|Any CPU.ActiveCfg = Release|Any CPU
		{18E95D66-3716-4FBA-BAF8-9B4F840932EE}.Release|Any CPU.Build.0 = Release|Any CPU
		{5DDAA1D9-EF03-4CAB-80D9-6AC8FA893A94}.Debug|Any CPU.ActiveCfg = Debug|Any CPU
		{5DDAA1D9-EF03-4CAB-80D9-6AC8FA893A94}.Debug|Any CPU.Build.0 = Debug|Any CPU
		{5DDAA1D9-EF03-4CAB-80D9-6AC8FA893A94}.Release|Any CPU.ActiveCfg = Release|Any CPU
		{5DDAA1D9-EF03-4CAB-80D9-6AC8FA893A94}.Release|Any CPU.Build.0 = Release|Any CPU
		{705709D8-9C7C-4A64-89C2-A39768740A03}.Debug|Any CPU.ActiveCfg = Debug|Any CPU
		{705709D8-9C7C-4A64-89C2-A39768740A03}.Debug|Any CPU.Build.0 = Debug|Any CPU
		{705709D8-9C7C-4A64-89C2-A39768740A03}.Release|Any CPU.ActiveCfg = Release|Any CPU
		{705709D8-9C7C-4A64-89C2-A39768740A03}.Release|Any CPU.Build.0 = Release|Any CPU
		{22614D42-0F02-437B-93BF-C9457FFAE447}.Debug|Any CPU.ActiveCfg = Debug|Any CPU
		{22614D42-0F02-437B-93BF-C9457FFAE447}.Debug|Any CPU.Build.0 = Debug|Any CPU
		{22614D42-0F02-437B-93BF-C9457FFAE447}.Release|Any CPU.ActiveCfg = Release|Any CPU
		{22614D42-0F02-437B-93BF-C9457FFAE447}.Release|Any CPU.Build.0 = Release|Any CPU
		{538BE8F1-899C-4604-BBB3-27AC0AF2A59D}.Debug|Any CPU.ActiveCfg = Debug|Any CPU
		{538BE8F1-899C-4604-BBB3-27AC0AF2A59D}.Debug|Any CPU.Build.0 = Debug|Any CPU
		{538BE8F1-899C-4604-BBB3-27AC0AF2A59D}.Release|Any CPU.ActiveCfg = Release|Any CPU
		{538BE8F1-899C-4604-BBB3-27AC0AF2A59D}.Release|Any CPU.Build.0 = Release|Any CPU
		{A21E913B-D1F9-4E76-B0FA-BBFA450D8C81}.Debug|Any CPU.ActiveCfg = Debug|Any CPU
		{A21E913B-D1F9-4E76-B0FA-BBFA450D8C81}.Debug|Any CPU.Build.0 = Debug|Any CPU
		{A21E913B-D1F9-4E76-B0FA-BBFA450D8C81}.Release|Any CPU.ActiveCfg = Release|Any CPU
		{A21E913B-D1F9-4E76-B0FA-BBFA450D8C81}.Release|Any CPU.Build.0 = Release|Any CPU
		{7CCD16B7-4CB4-471F-A9AD-CFE828E5941C}.Debug|Any CPU.ActiveCfg = Debug|Any CPU
		{7CCD16B7-4CB4-471F-A9AD-CFE828E5941C}.Debug|Any CPU.Build.0 = Debug|Any CPU
		{7CCD16B7-4CB4-471F-A9AD-CFE828E5941C}.Release|Any CPU.ActiveCfg = Release|Any CPU
		{7CCD16B7-4CB4-471F-A9AD-CFE828E5941C}.Release|Any CPU.Build.0 = Release|Any CPU
		{5C8468E5-1F12-4E18-8CBF-CA4837CC57C7}.Debug|Any CPU.ActiveCfg = Debug|Any CPU
		{5C8468E5-1F12-4E18-8CBF-CA4837CC57C7}.Debug|Any CPU.Build.0 = Debug|Any CPU
		{5C8468E5-1F12-4E18-8CBF-CA4837CC57C7}.Release|Any CPU.ActiveCfg = Release|Any CPU
		{5C8468E5-1F12-4E18-8CBF-CA4837CC57C7}.Release|Any CPU.Build.0 = Release|Any CPU
		{F25BAB2C-7C7C-467D-9090-2858A726EF9C}.Debug|Any CPU.ActiveCfg = Debug|Any CPU
		{F25BAB2C-7C7C-467D-9090-2858A726EF9C}.Debug|Any CPU.Build.0 = Debug|Any CPU
		{F25BAB2C-7C7C-467D-9090-2858A726EF9C}.Release|Any CPU.ActiveCfg = Release|Any CPU
		{F25BAB2C-7C7C-467D-9090-2858A726EF9C}.Release|Any CPU.Build.0 = Release|Any CPU
	EndGlobalSection
	GlobalSection(SolutionProperties) = preSolution
		HideSolutionNode = FALSE
	EndGlobalSection
	GlobalSection(NestedProjects) = preSolution
		{B78A66B6-99A7-4EC8-A222-0481511B2F9B} = {36171621-6B3A-439D-BA79-4B509A44996B}
		{23FD68FF-D36C-4B2D-8C2D-50B28166D2F5} = {36171621-6B3A-439D-BA79-4B509A44996B}
		{18E95D66-3716-4FBA-BAF8-9B4F840932EE} = {0C0544C2-D6D0-45F4-ACE4-812DAA467328}
		{5DDAA1D9-EF03-4CAB-80D9-6AC8FA893A94} = {0C0544C2-D6D0-45F4-ACE4-812DAA467328}
		{4E2CD22A-C931-4E1A-A925-7CF5EACA93CD} = {71AFC72F-1EA3-48AE-852E-37C28C80F501}
		{705709D8-9C7C-4A64-89C2-A39768740A03} = {4E2CD22A-C931-4E1A-A925-7CF5EACA93CD}
		{22614D42-0F02-437B-93BF-C9457FFAE447} = {E13BB90F-CAA5-41D6-9120-21F75100F3EC}
		{E13BB90F-CAA5-41D6-9120-21F75100F3EC} = {71AFC72F-1EA3-48AE-852E-37C28C80F501}
		{538BE8F1-899C-4604-BBB3-27AC0AF2A59D} = {E13BB90F-CAA5-41D6-9120-21F75100F3EC}
		{A21E913B-D1F9-4E76-B0FA-BBFA450D8C81} = {DD5228A9-B710-489B-898E-45B5633016A8}
		{7CCD16B7-4CB4-471F-A9AD-CFE828E5941C} = {65F40E01-BACE-4587-89D4-220B8E9C1944}
		{5C8468E5-1F12-4E18-8CBF-CA4837CC57C7} = {65F40E01-BACE-4587-89D4-220B8E9C1944}
		{F25BAB2C-7C7C-467D-9090-2858A726EF9C} = {0C0544C2-D6D0-45F4-ACE4-812DAA467328}
	EndGlobalSection
	GlobalSection(ExtensibilityGlobals) = postSolution
		SolutionGuid = {19FE8937-7477-405A-B401-D982885E7EDF}
	EndGlobalSection
EndGlobal
