
Microsoft Visual Studio Solution File, Format Version 12.00
# Visual Studio Version 16
VisualStudioVersion = 16.0.31105.61
MinimumVisualStudioVersion = 10.0.40219.1
Project("{2150E333-8FDC-42A3-9474-1A3956D46DE8}") = "src", "src", "{BB97F0B4-9076-443B-81A4-E98F4BEC62B7}"
EndProject
Project("{2150E333-8FDC-42A3-9474-1A3956D46DE8}") = "test", "test", "{553E7D71-A30A-4830-99FF-B2388928C92B}"
EndProject
Project("{2150E333-8FDC-42A3-9474-1A3956D46DE8}") = "Presentations", "Presentations", "{5816B604-AD0C-4FB5-8E1E-DCABA9B9DE9C}"
EndProject
Project("{2150E333-8FDC-42A3-9474-1A3956D46DE8}") = "API", "API", "{516C3FCE-37C4-47B5-BF19-3B05935D6877}"
EndProject
Project("{2150E333-8FDC-42A3-9474-1A3956D46DE8}") = "UIs", "UIs", "{00C18FA1-E112-410C-9125-DE067F3A5FC1}"
EndProject
Project("{2150E333-8FDC-42A3-9474-1A3956D46DE8}") = "Core", "Core", "{A87937B8-DC1B-4BFE-8475-10085AAC024B}"
EndProject
Project("{2150E333-8FDC-42A3-9474-1A3956D46DE8}") = "CrossCuttingConcerns", "CrossCuttingConcerns", "{16CB2AC9-1EE2-42E2-A941-2C0DBD819620}"
EndProject
Project("{2150E333-8FDC-42A3-9474-1A3956D46DE8}") = "Infrastructure", "Infrastructure", "{C207451F-6C14-4283-9DC7-7A13405EA908}"
EndProject
Project("{9A19103F-16F7-4668-BE54-9A1E7A4F7556}") = "CleanArch.Api", "src\CleanArch.Api\CleanArch.Api.csproj", "{79F8068C-DDE7-4E78-92D9-92856935E8D3}"
EndProject
Project("{9A19103F-16F7-4668-BE54-9A1E7A4F7556}") = "CleanArch.Domain", "src\CleanArch.Domain\CleanArch.Domain.csproj", "{28AADAC3-EC01-4D9E-8831-FA1CBD4ECB20}"
EndProject
Project("{9A19103F-16F7-4668-BE54-9A1E7A4F7556}") = "CleanArch.Application", "src\CleanArch.Application\CleanArch.Application.csproj", "{840B9690-124D-4304-AE87-E84C1A5749FD}"
EndProject
Project("{9A19103F-16F7-4668-BE54-9A1E7A4F7556}") = "CleanArch.Persistence", "src\CleanArch.Persistence\CleanArch.Persistence.csproj", "{4BB36006-D7D4-442A-A0C4-0A7CC24935A9}"
EndProject
Project("{9A19103F-16F7-4668-BE54-9A1E7A4F7556}") = "CleanArch.Infrastructure", "src\CleanArch.Infrastructure\CleanArch.Infrastructure.csproj", "{43681491-81D4-4248-AA68-B2476E51AF93}"
EndProject
Project("{9A19103F-16F7-4668-BE54-9A1E7A4F7556}") = "CleanArch.CrossCuttingConcerns", "src\CleanArch.CrossCuttingConcerns\CleanArch.CrossCuttingConcerns.csproj", "{61D66D62-ACAA-47F6-8ECE-3803F381AF0A}"
EndProject
Project("{9A19103F-16F7-4668-BE54-9A1E7A4F7556}") = "CleanArch.Application.UnitTests", "test\CleanArch.Application.UnitTests\CleanArch.Application.UnitTests.csproj", "{11757CAA-BEAF-45D0-8B8B-FD9C400135C8}"
EndProject
Project("{9A19103F-16F7-4668-BE54-9A1E7A4F7556}") = "CleanArch.Persistence.UnitTests", "test\CleanArch.Persistence.UnitTests\CleanArch.Persistence.UnitTests.csproj", "{863910A0-2FD0-48ED-9F60-1351CADA96D2}"
EndProject
Project("{9A19103F-16F7-4668-BE54-9A1E7A4F7556}") = "CleanArch.Common.UnitTests", "test\CleanArch.Common.UnitTests\CleanArch.Common.UnitTests.csproj", "{31C3C0B1-1FC2-4C4F-8232-223468A49C73}"
EndProject
Project("{9A19103F-16F7-4668-BE54-9A1E7A4F7556}") = "CleanArch.Persistence.IntegrationTests", "test\CleanArch.Persistence.IntegrationTests\CleanArch.Persistence.IntegrationTests.csproj", "{4DA08C5F-9C74-4A17-9D87-9B074CB54D4F}"
EndProject
Project("{FAE04EC0-301F-11D3-BF4B-00C04F79EFBC}") = "CleanArch.App", "src\CleanArch.App\CleanArch.App.csproj", "{1BD8E443-8C53-453E-A836-D0EBC3AF627F}"
EndProject
Global
	GlobalSection(SolutionConfigurationPlatforms) = preSolution
		Debug|Any CPU = Debug|Any CPU
		Release|Any CPU = Release|Any CPU
	EndGlobalSection
	GlobalSection(ProjectConfigurationPlatforms) = postSolution
		{79F8068C-DDE7-4E78-92D9-92856935E8D3}.Debug|Any CPU.ActiveCfg = Debug|Any CPU
		{79F8068C-DDE7-4E78-92D9-92856935E8D3}.Debug|Any CPU.Build.0 = Debug|Any CPU
		{79F8068C-DDE7-4E78-92D9-92856935E8D3}.Release|Any CPU.ActiveCfg = Release|Any CPU
		{79F8068C-DDE7-4E78-92D9-92856935E8D3}.Release|Any CPU.Build.0 = Release|Any CPU
		{28AADAC3-EC01-4D9E-8831-FA1CBD4ECB20}.Debug|Any CPU.ActiveCfg = Debug|Any CPU
		{28AADAC3-EC01-4D9E-8831-FA1CBD4ECB20}.Debug|Any CPU.Build.0 = Debug|Any CPU
		{28AADAC3-EC01-4D9E-8831-FA1CBD4ECB20}.Release|Any CPU.ActiveCfg = Release|Any CPU
		{28AADAC3-EC01-4D9E-8831-FA1CBD4ECB20}.Release|Any CPU.Build.0 = Release|Any CPU
		{840B9690-124D-4304-AE87-E84C1A5749FD}.Debug|Any CPU.ActiveCfg = Debug|Any CPU
		{840B9690-124D-4304-AE87-E84C1A5749FD}.Debug|Any CPU.Build.0 = Debug|Any CPU
		{840B9690-124D-4304-AE87-E84C1A5749FD}.Release|Any CPU.ActiveCfg = Release|Any CPU
		{840B9690-124D-4304-AE87-E84C1A5749FD}.Release|Any CPU.Build.0 = Release|Any CPU
		{4BB36006-D7D4-442A-A0C4-0A7CC24935A9}.Debug|Any CPU.ActiveCfg = Debug|Any CPU
		{4BB36006-D7D4-442A-A0C4-0A7CC24935A9}.Debug|Any CPU.Build.0 = Debug|Any CPU
		{4BB36006-D7D4-442A-A0C4-0A7CC24935A9}.Release|Any CPU.ActiveCfg = Release|Any CPU
		{4BB36006-D7D4-442A-A0C4-0A7CC24935A9}.Release|Any CPU.Build.0 = Release|Any CPU
		{43681491-81D4-4248-AA68-B2476E51AF93}.Debug|Any CPU.ActiveCfg = Debug|Any CPU
		{43681491-81D4-4248-AA68-B2476E51AF93}.Debug|Any CPU.Build.0 = Debug|Any CPU
		{43681491-81D4-4248-AA68-B2476E51AF93}.Release|Any CPU.ActiveCfg = Release|Any CPU
		{43681491-81D4-4248-AA68-B2476E51AF93}.Release|Any CPU.Build.0 = Release|Any CPU
		{61D66D62-ACAA-47F6-8ECE-3803F381AF0A}.Debug|Any CPU.ActiveCfg = Debug|Any CPU
		{61D66D62-ACAA-47F6-8ECE-3803F381AF0A}.Debug|Any CPU.Build.0 = Debug|Any CPU
		{61D66D62-ACAA-47F6-8ECE-3803F381AF0A}.Release|Any CPU.ActiveCfg = Release|Any CPU
		{61D66D62-ACAA-47F6-8ECE-3803F381AF0A}.Release|Any CPU.Build.0 = Release|Any CPU
		{11757CAA-BEAF-45D0-8B8B-FD9C400135C8}.Debug|Any CPU.ActiveCfg = Debug|Any CPU
		{11757CAA-BEAF-45D0-8B8B-FD9C400135C8}.Debug|Any CPU.Build.0 = Debug|Any CPU
		{11757CAA-BEAF-45D0-8B8B-FD9C400135C8}.Release|Any CPU.ActiveCfg = Release|Any CPU
		{11757CAA-BEAF-45D0-8B8B-FD9C400135C8}.Release|Any CPU.Build.0 = Release|Any CPU
		{863910A0-2FD0-48ED-9F60-1351CADA96D2}.Debug|Any CPU.ActiveCfg = Debug|Any CPU
		{863910A0-2FD0-48ED-9F60-1351CADA96D2}.Debug|Any CPU.Build.0 = Debug|Any CPU
		{863910A0-2FD0-48ED-9F60-1351CADA96D2}.Release|Any CPU.ActiveCfg = Release|Any CPU
		{863910A0-2FD0-48ED-9F60-1351CADA96D2}.Release|Any CPU.Build.0 = Release|Any CPU
		{31C3C0B1-1FC2-4C4F-8232-223468A49C73}.Debug|Any CPU.ActiveCfg = Debug|Any CPU
		{31C3C0B1-1FC2-4C4F-8232-223468A49C73}.Debug|Any CPU.Build.0 = Debug|Any CPU
		{31C3C0B1-1FC2-4C4F-8232-223468A49C73}.Release|Any CPU.ActiveCfg = Release|Any CPU
		{31C3C0B1-1FC2-4C4F-8232-223468A49C73}.Release|Any CPU.Build.0 = Release|Any CPU
		{4DA08C5F-9C74-4A17-9D87-9B074CB54D4F}.Debug|Any CPU.ActiveCfg = Debug|Any CPU
		{4DA08C5F-9C74-4A17-9D87-9B074CB54D4F}.Debug|Any CPU.Build.0 = Debug|Any CPU
		{4DA08C5F-9C74-4A17-9D87-9B074CB54D4F}.Release|Any CPU.ActiveCfg = Release|Any CPU
		{4DA08C5F-9C74-4A17-9D87-9B074CB54D4F}.Release|Any CPU.Build.0 = Release|Any CPU
		{1BD8E443-8C53-453E-A836-D0EBC3AF627F}.Debug|Any CPU.ActiveCfg = Debug|Any CPU
		{1BD8E443-8C53-453E-A836-D0EBC3AF627F}.Debug|Any CPU.Build.0 = Debug|Any CPU
		{1BD8E443-8C53-453E-A836-D0EBC3AF627F}.Release|Any CPU.ActiveCfg = Release|Any CPU
		{1BD8E443-8C53-453E-A836-D0EBC3AF627F}.Release|Any CPU.Build.0 = Release|Any CPU
	EndGlobalSection
	GlobalSection(SolutionProperties) = preSolution
		HideSolutionNode = FALSE
	EndGlobalSection
	GlobalSection(NestedProjects) = preSolution
		{5816B604-AD0C-4FB5-8E1E-DCABA9B9DE9C} = {BB97F0B4-9076-443B-81A4-E98F4BEC62B7}
		{516C3FCE-37C4-47B5-BF19-3B05935D6877} = {5816B604-AD0C-4FB5-8E1E-DCABA9B9DE9C}
		{00C18FA1-E112-410C-9125-DE067F3A5FC1} = {5816B604-AD0C-4FB5-8E1E-DCABA9B9DE9C}
		{A87937B8-DC1B-4BFE-8475-10085AAC024B} = {BB97F0B4-9076-443B-81A4-E98F4BEC62B7}
		{16CB2AC9-1EE2-42E2-A941-2C0DBD819620} = {BB97F0B4-9076-443B-81A4-E98F4BEC62B7}
		{C207451F-6C14-4283-9DC7-7A13405EA908} = {BB97F0B4-9076-443B-81A4-E98F4BEC62B7}
		{79F8068C-DDE7-4E78-92D9-92856935E8D3} = {516C3FCE-37C4-47B5-BF19-3B05935D6877}
		{28AADAC3-EC01-4D9E-8831-FA1CBD4ECB20} = {A87937B8-DC1B-4BFE-8475-10085AAC024B}
		{840B9690-124D-4304-AE87-E84C1A5749FD} = {A87937B8-DC1B-4BFE-8475-10085AAC024B}
		{4BB36006-D7D4-442A-A0C4-0A7CC24935A9} = {C207451F-6C14-4283-9DC7-7A13405EA908}
		{43681491-81D4-4248-AA68-B2476E51AF93} = {C207451F-6C14-4283-9DC7-7A13405EA908}
		{61D66D62-ACAA-47F6-8ECE-3803F381AF0A} = {16CB2AC9-1EE2-42E2-A941-2C0DBD819620}
		{11757CAA-BEAF-45D0-8B8B-FD9C400135C8} = {553E7D71-A30A-4830-99FF-B2388928C92B}
		{863910A0-2FD0-48ED-9F60-1351CADA96D2} = {553E7D71-A30A-4830-99FF-B2388928C92B}
		{31C3C0B1-1FC2-4C4F-8232-223468A49C73} = {553E7D71-A30A-4830-99FF-B2388928C92B}
		{4DA08C5F-9C74-4A17-9D87-9B074CB54D4F} = {553E7D71-A30A-4830-99FF-B2388928C92B}
		{1BD8E443-8C53-453E-A836-D0EBC3AF627F} = {00C18FA1-E112-410C-9125-DE067F3A5FC1}
	EndGlobalSection
	GlobalSection(ExtensibilityGlobals) = postSolution
		SolutionGuid = {133DC991-FC7E-41CC-9A78-20D80DE92529}
	EndGlobalSection
EndGlobal
