
Microsoft Visual Studio Solution File, Format Version 12.00
# Visual Studio Version 17
VisualStudioVersion = 17.0.32014.148
MinimumVisualStudioVersion = 10.0.40219.1
Project("{2150E333-8FDC-42A3-9474-1A3956D46DE8}") = "src", "src", "{1EDC6AC8-C662-4941-9805-48FD59AD919F}"
EndProject
Project("{2150E333-8FDC-42A3-9474-1A3956D46DE8}") = "test", "test", "{6F7012B1-D2E2-4134-A683-942F6E6D2D17}"
EndProject
Project("{9A19103F-16F7-4668-BE54-9A1E7A4F7556}") = "CleanArch.Application", "src\CleanArch.Application\CleanArch.Application.csproj", "{1565505F-C36B-4BB8-835E-4938250849EB}"
EndProject
Project("{9A19103F-16F7-4668-BE54-9A1E7A4F7556}") = "CleanArch.Domain", "src\CleanArch.Domain\CleanArch.Domain.csproj", "{49CADDA9-F61A-4EBC-89CE-762E2244B1B0}"
EndProject
Project("{9A19103F-16F7-4668-BE54-9A1E7A4F7556}") = "CleanArch.Persistence", "src\CleanArch.Persistence\CleanArch.Persistence.csproj", "{878A3809-7F21-4694-9250-9395214E6006}"
EndProject
Project("{9A19103F-16F7-4668-BE54-9A1E7A4F7556}") = "CleanArch.Infrastructure", "src\CleanArch.Infrastructure\CleanArch.Infrastructure.csproj", "{5939699C-CD8B-42E0-BDF0-9CBA2698400E}"
EndProject
Project("{9A19103F-16F7-4668-BE54-9A1E7A4F7556}") = "CleanArch.Api", "src\CleanArch.Api\CleanArch.Api.csproj", "{2DB8FFD3-B359-4D2D-AD82-D68401087796}"
EndProject
Project("{FAE04EC0-301F-11D3-BF4B-00C04F79EFBC}") = "CleanArch.CrossCuttingConcerns", "src\CleanArch.CrossCuttingConcerns\CleanArch.CrossCuttingConcerns.csproj", "{E28E1963-C824-4F83-9886-75B298EB4DDB}"
EndProject
Project("{2150E333-8FDC-42A3-9474-1A3956D46DE8}") = "Core", "Core", "{F8318A84-C47A-4F13-B0C3-C6B27BC2BD59}"
EndProject
Project("{2150E333-8FDC-42A3-9474-1A3956D46DE8}") = "CrossCurringConcerns", "CrossCurringConcerns", "{A3A5AEA8-3C44-4ACE-847F-A0622CB4FE61}"
EndProject
Project("{2150E333-8FDC-42A3-9474-1A3956D46DE8}") = "Infrastructure", "Infrastructure", "{30D59BA2-DF58-464B-B72D-054AFBC78D5C}"
EndProject
Project("{2150E333-8FDC-42A3-9474-1A3956D46DE8}") = "Presentations", "Presentations", "{E19BD6C0-EEC9-4E49-8A30-37C7544A0215}"
EndProject
Global
	GlobalSection(SolutionConfigurationPlatforms) = preSolution
		Debug|Any CPU = Debug|Any CPU
		Release|Any CPU = Release|Any CPU
	EndGlobalSection
	GlobalSection(ProjectConfigurationPlatforms) = postSolution
		{1565505F-C36B-4BB8-835E-4938250849EB}.Debug|Any CPU.ActiveCfg = Debug|Any CPU
		{1565505F-C36B-4BB8-835E-4938250849EB}.Debug|Any CPU.Build.0 = Debug|Any CPU
		{1565505F-C36B-4BB8-835E-4938250849EB}.Release|Any CPU.ActiveCfg = Release|Any CPU
		{1565505F-C36B-4BB8-835E-4938250849EB}.Release|Any CPU.Build.0 = Release|Any CPU
		{49CADDA9-F61A-4EBC-89CE-762E2244B1B0}.Debug|Any CPU.ActiveCfg = Debug|Any CPU
		{49CADDA9-F61A-4EBC-89CE-762E2244B1B0}.Debug|Any CPU.Build.0 = Debug|Any CPU
		{49CADDA9-F61A-4EBC-89CE-762E2244B1B0}.Release|Any CPU.ActiveCfg = Release|Any CPU
		{49CADDA9-F61A-4EBC-89CE-762E2244B1B0}.Release|Any CPU.Build.0 = Release|Any CPU
		{878A3809-7F21-4694-9250-9395214E6006}.Debug|Any CPU.ActiveCfg = Debug|Any CPU
		{878A3809-7F21-4694-9250-9395214E6006}.Debug|Any CPU.Build.0 = Debug|Any CPU
		{878A3809-7F21-4694-9250-9395214E6006}.Release|Any CPU.ActiveCfg = Release|Any CPU
		{878A3809-7F21-4694-9250-9395214E6006}.Release|Any CPU.Build.0 = Release|Any CPU
		{5939699C-CD8B-42E0-BDF0-9CBA2698400E}.Debug|Any CPU.ActiveCfg = Debug|Any CPU
		{5939699C-CD8B-42E0-BDF0-9CBA2698400E}.Debug|Any CPU.Build.0 = Debug|Any CPU
		{5939699C-CD8B-42E0-BDF0-9CBA2698400E}.Release|Any CPU.ActiveCfg = Release|Any CPU
		{5939699C-CD8B-42E0-BDF0-9CBA2698400E}.Release|Any CPU.Build.0 = Release|Any CPU
		{2DB8FFD3-B359-4D2D-AD82-D68401087796}.Debug|Any CPU.ActiveCfg = Debug|Any CPU
		{2DB8FFD3-B359-4D2D-AD82-D68401087796}.Debug|Any CPU.Build.0 = Debug|Any CPU
		{2DB8FFD3-B359-4D2D-AD82-D68401087796}.Release|Any CPU.ActiveCfg = Release|Any CPU
		{2DB8FFD3-B359-4D2D-AD82-D68401087796}.Release|Any CPU.Build.0 = Release|Any CPU
		{E28E1963-C824-4F83-9886-75B298EB4DDB}.Debug|Any CPU.ActiveCfg = Debug|Any CPU
		{E28E1963-C824-4F83-9886-75B298EB4DDB}.Debug|Any CPU.Build.0 = Debug|Any CPU
		{E28E1963-C824-4F83-9886-75B298EB4DDB}.Release|Any CPU.ActiveCfg = Release|Any CPU
		{E28E1963-C824-4F83-9886-75B298EB4DDB}.Release|Any CPU.Build.0 = Release|Any CPU
	EndGlobalSection
	GlobalSection(SolutionProperties) = preSolution
		HideSolutionNode = FALSE
	EndGlobalSection
	GlobalSection(NestedProjects) = preSolution
		{1565505F-C36B-4BB8-835E-4938250849EB} = {F8318A84-C47A-4F13-B0C3-C6B27BC2BD59}
		{49CADDA9-F61A-4EBC-89CE-762E2244B1B0} = {F8318A84-C47A-4F13-B0C3-C6B27BC2BD59}
		{878A3809-7F21-4694-9250-9395214E6006} = {30D59BA2-DF58-464B-B72D-054AFBC78D5C}
		{5939699C-CD8B-42E0-BDF0-9CBA2698400E} = {30D59BA2-DF58-464B-B72D-054AFBC78D5C}
		{2DB8FFD3-B359-4D2D-AD82-D68401087796} = {E19BD6C0-EEC9-4E49-8A30-37C7544A0215}
		{E28E1963-C824-4F83-9886-75B298EB4DDB} = {A3A5AEA8-3C44-4ACE-847F-A0622CB4FE61}
		{F8318A84-C47A-4F13-B0C3-C6B27BC2BD59} = {1EDC6AC8-C662-4941-9805-48FD59AD919F}
		{A3A5AEA8-3C44-4ACE-847F-A0622CB4FE61} = {1EDC6AC8-C662-4941-9805-48FD59AD919F}
		{30D59BA2-DF58-464B-B72D-054AFBC78D5C} = {1EDC6AC8-C662-4941-9805-48FD59AD919F}
		{E19BD6C0-EEC9-4E49-8A30-37C7544A0215} = {1EDC6AC8-C662-4941-9805-48FD59AD919F}
	EndGlobalSection
	GlobalSection(ExtensibilityGlobals) = postSolution
		SolutionGuid = {DD34EA89-78E3-455F-9121-35CAA8059662}
	EndGlobalSection
EndGlobal
